<Project xmlns="http://schemas.microsoft.com/developer/msbuild/2003">
  <PropertyGroup>
    <MainSource>Demo6.dpr</MainSource>
  </PropertyGroup>
  <ItemGroup>
    <DCCReference Include="uMain6.pas"><Form>frmMain6</Form><FormType>dfm</FormType></DCCReference>
    <DCCReference Include="uGroups6.pas"><Form>frmGroups6</Form><FormType>dfm</FormType></DCCReference>
    <DCCReference Include="uGroupEdit6.pas"><Form>frmGroupEdit6</Form><FormType>dfm</FormType></DCCReference>
    <DCCReference Include="uEdit6.pas"><Form>frmEdit6</Form><FormType>dfm</FormType></DCCReference>
    <DCCReference Include="uReports6.pas"><Form>frmReports6</Form><FormType>dfm</FormType></DCCReference>
    <DCCReference Include="uNag6.pas"><Form>frmNag6</Form><FormType>dfm</FormType></DCCReference>
    <DCCReference Include="uLonely6.pas"><Form>frmLonely6</Form><FormType>dfm</FormType></DCCReference>
    <DCCReference Include="uLog6.pas"><Form>frmLog6</Form><FormType>dfm</FormType></DCCReference>
    <DCCReference Include="uHelpers6.pas"/>
    <DCCReference Include="uImport6.pas"><Form>frmImport6</Form><FormType>dfm</FormType></DCCReference>
    <DCCReference Include="uImportVM6.pas"/>
    <DCCReference Include="uMdi6.pas"><Form>frmMdi6</Form><FormType>dfm</FormType></DCCReference>
    <DCCReference Include="uPanel6.pas"><Form>frmPanel6</Form><FormType>dfm</FormType></DCCReference>
    <DCCReference Include="uSerial6.pas"><Form>frmSerial6</Form><FormType>dfm</FormType></DCCReference>
    <DCCReference Include="uCache6.pas"><Form>frmCache6</Form><FormType>dfm</FormType></DCCReference>
    <DCCReference Include="uPopup6.pas"><Form>frmPopup6</Form><FormType>dfm</FormType></DCCReference>
    <DCCReference Include="uArchive6.pas"><Form>frmArchive6</Form><FormType>dfm</FormType></DCCReference>
    <DCCReference Include="uAfter6.pas"><Form>frmAfter6</Form><FormType>dfm</FormType></DCCReference>
    <DCCReference Include="uBoth6.pas"><Form>frmBoth6</Form><FormType>dfm</FormType></DCCReference>
    <DCCReference Include="uWith6.pas"><Form>frmWith6</Form><FormType>dfm</FormType></DCCReference>
    <DCCReference Include="uSelf6.pas"><Form>frmSelf6</Form><FormType>dfm</FormType></DCCReference>
    <DCCReference Include="uWithOk6.pas"><Form>frmWithOk6</Form><FormType>dfm</FormType></DCCReference>
  </ItemGroup>
</Project>