<Project xmlns="http://schemas.microsoft.com/developer/msbuild/2003">
  <PropertyGroup>
    <MainSource>Demo.dpr</MainSource>
  </PropertyGroup>
  <ItemGroup>
    <DCCReference Include="uDemoMain.pas"><Form>frmMain</Form><FormType>dfm</FormType></DCCReference>
    <DCCReference Include="uDemoList.pas"><Form>frmList</Form><FormType>dfm</FormType></DCCReference>
    <DCCReference Include="uDemoEdit.pas"><Form>frmEdit</Form><FormType>dfm</FormType></DCCReference>
    <DCCReference Include="uDemoChild.pas"><Form>frmChild</Form><FormType>dfm</FormType></DCCReference>
    <DCCReference Include="uDemoData.pas"><Form>dmDemo</Form><FormType>dfm</FormType></DCCReference>
  </ItemGroup>
</Project>
